
Microsoft Visual Studio Solution File, Format Version 12.00
# Visual Studio Version 17
VisualStudioVersion = 17.5.33516.290
MinimumVisualStudioVersion = 10.0.40219.1
Project("{FAE04EC0-301F-11D3-BF4B-00C04F79EFBC}") = "WebAPIMastery", "WebAPIMastery.csproj", "{83F24D49-D4CC-43BF-9049-E9EC1984D174}"
EndProject
Global
	GlobalSection(SolutionConfigurationPlatforms) = preSolution
		Debug|Any CPU = Debug|Any CPU
		Release|Any CPU = Release|Any CPU
	EndGlobalSection
	GlobalSection(ProjectConfigurationPlatforms) = postSolution
		{83F24D49-D4CC-43BF-9049-E9EC1984D174}.Debug|Any CPU.ActiveCfg = Debug|Any CPU
		{83F24D49-D4CC-43BF-9049-E9EC1984D174}.Debug|Any CPU.Build.0 = Debug|Any CPU
		{83F24D49-D4CC-43BF-9049-E9EC1984D174}.Release|Any CPU.ActiveCfg = Release|Any CPU
		{83F24D49-D4CC-43BF-9049-E9EC1984D174}.Release|Any CPU.Build.0 = Release|Any CPU
	EndGlobalSection
	GlobalSection(SolutionProperties) = preSolution
		HideSolutionNode = FALSE
	EndGlobalSection
	GlobalSection(ExtensibilityGlobals) = postSolution
		SolutionGuid = {E10113D5-3778-4FEA-976E-2165200A6EBE}
	EndGlobalSection
EndGlobal
